// !$*UTF8*$!
{
	archiveVersion = 1;
	classes = {
	};
	objectVersion = 48;
	objects = {

/* Begin PBXBuildFile section */
		900447A52088E2300006B362 /* AppDelegate.m in Sources */ = {isa = PBXBuildFile; fileRef = 900447A42088E2300006B362 /* AppDelegate.m */; };
		900447A82088E2300006B362 /* ViewController.m in Sources */ = {isa = PBXBuildFile; fileRef = 900447A72088E2300006B362 /* ViewController.m */; };
		900447AB2088E2300006B362 /* Main.storyboard in Resources */ = {isa = PBXBuildFile; fileRef = 900447A92088E2300006B362 /* Main.storyboard */; };
		900447AD2088E2300006B362 /* Assets.xcassets in Resources */ = {isa = PBXBuildFile; fileRef = 900447AC2088E2300006B362 /* Assets.xcassets */; };
		900447B02088E2300006B362 /* LaunchScreen.storyboard in Resources */ = {isa = PBXBuildFile; fileRef = 900447AE2088E2300006B362 /* LaunchScreen.storyboard */; };
		900447B32088E2300006B362 /* main.m in Sources */ = {isa = PBXBuildFile; fileRef = 900447B22088E2300006B362 /* main.m */; };
		900447BD2088E2300006B362 /* MunuStudyTests.m in Sources */ = {isa = PBXBuildFile; fileRef = 900447BC2088E2300006B362 /* MunuStudyTests.m */; };
		900447C82088E2300006B362 /* MunuStudyUITests.m in Sources */ = {isa = PBXBuildFile; fileRef = 900447C72088E2300006B362 /* MunuStudyUITests.m */; };
/* End PBXBuildFile section */

/* Begin PBXContainerItemProxy section */
		900447B92088E2300006B362 /* PBXContainerItemProxy */ = {
			isa = PBXContainerItemProxy;
			containerPortal = 900447982088E2300006B362 /* Project object */;
			proxyType = 1;
			remoteGlobalIDString = 9004479F2088E2300006B362;
			remoteInfo = MunuStudy;
		};
		900447C42088E2300006B362 /* PBXContainerItemProxy */ = {
			isa = PBXContainerItemProxy;
			containerPortal = 900447982088E2300006B362 /* Project object */;
			proxyType = 1;
			remoteGlobalIDString = 9004479F2088E2300006B362;
			remoteInfo = MunuStudy;
		};
/* End PBXContainerItemProxy section */

/* Begin PBXFileReference section */
		900447A02088E2300006B362 /* MunuStudy.app */ = {isa = PBXFileReference; explicitFileType = wrapper.application; includeInIndex = 0; path = MunuStudy.app; sourceTree = BUILT_PRODUCTS_DIR; };
		900447A32088E2300006B362 /* AppDelegate.h */ = {isa = PBXFileReference; lastKnownFileType = sourcecode.c.h; path = AppDelegate.h; sourceTree = "<group>"; };
		900447A42088E2300006B362 /* AppDelegate.m */ = {isa = PBXFileReference; lastKnownFileType = sourcecode.c.objc; path = AppDelegate.m; sourceTree = "<group>"; };
		900447A62088E2300006B362 /* ViewController.h */ = {isa = PBXFileReference; lastKnownFileType = sourcecode.c.h; path = ViewController.h; sourceTree = "<group>"; };
		900447A72088E2300006B362 /* ViewController.m */ = {isa = PBXFileReference; lastKnownFileType = sourcecode.c.objc; path = ViewController.m; sourceTree = "<group>"; };
		900447AA2088E2300006B362 /* Base */ = {isa = PBXFileReference; lastKnownFileType = file.storyboard; name = Base; path = Base.lproj/Main.storyboard; sourceTree = "<group>"; };
		900447AC2088E2300006B362 /* Assets.xcassets */ = {isa = PBXFileReference; lastKnownFileType = folder.assetcatalog; path = Assets.xcassets; sourceTree = "<group>"; };
		900447AF2088E2300006B362 /* Base */ = {isa = PBXFileReference; lastKnownFileType = file.storyboard; name = Base; path = Base.lproj/LaunchScreen.storyboard; sourceTree = "<group>"; };
		900447B12088E2300006B362 /* Info.plist */ = {isa = PBXFileReference; lastKnownFileType = text.plist.xml; path = Info.plist; sourceTree = "<group>"; };
		900447B22088E2300006B362 /* main.m */ = {isa = PBXFileReference; lastKnownFileType = sourcecode.c.objc; path = main.m; sourceTree = "<group>"; };
		900447B82088E2300006B362 /* MunuStudyTests.xctest */ = {isa = PBXFileReference; explicitFileType = wrapper.cfbundle; includeInIndex = 0; path = MunuStudyTests.xctest; sourceTree = BUILT_PRODUCTS_DIR; };
		900447BC2088E2300006B362 /* MunuStudyTests.m */ = {isa = PBXFileReference; lastKnownFileType = sourcecode.c.objc; path = MunuStudyTests.m; sourceTree = "<group>"; };
		900447BE2088E2300006B362 /* Info.plist */ = {isa = PBXFileReference; lastKnownFileType = text.plist.xml; path = Info.plist; sourceTree = "<group>"; };
		900447C32088E2300006B362 /* MunuStudyUITests.xctest */ = {isa = PBXFileReference; explicitFileType = wrapper.cfbundle; includeInIndex = 0; path = MunuStudyUITests.xctest; sourceTree = BUILT_PRODUCTS_DIR; };
		900447C72088E2300006B362 /* MunuStudyUITests.m */ = {isa = PBXFileReference; lastKnownFileType = sourcecode.c.objc; path = MunuStudyUITests.m; sourceTree = "<group>"; };
		900447C92088E2300006B362 /* Info.plist */ = {isa = PBXFileReference; lastKnownFileType = text.plist.xml; path = Info.plist; sourceTree = "<group>"; };
/* End PBXFileReference section */

/* Begin PBXFrameworksBuildPhase section */
		9004479D2088E2300006B362 /* Frameworks */ = {
			isa = PBXFrameworksBuildPhase;
			buildActionMask = 2147483647;
			files = (
			);
			runOnlyForDeploymentPostprocessing = 0;
		};
		900447B52088E2300006B362 /* Frameworks */ = {
			isa = PBXFrameworksBuildPhase;
			buildActionMask = 2147483647;
			files = (
			);
			runOnlyForDeploymentPostprocessing = 0;
		};
		900447C02088E2300006B362 /* Frameworks */ = {
			isa = PBXFrameworksBuildPhase;
			buildActionMask = 2147483647;
			files = (
			);
			runOnlyForDeploymentPostprocessing = 0;
		};
/* End PBXFrameworksBuildPhase section */

/* Begin PBXGroup section */
		900447972088E2300006B362 = {
			isa = PBXGroup;
			children = (
				900447A22088E2300006B362 /* MunuStudy */,
				900447BB2088E2300006B362 /* MunuStudyTests */,
				900447C62088E2300006B362 /* MunuStudyUITests */,
				900447A12088E2300006B362 /* Products */,
			);
			sourceTree = "<group>";
		};
		900447A12088E2300006B362 /* Products */ = {
			isa = PBXGroup;
			children = (
				900447A02088E2300006B362 /* MunuStudy.app */,
				900447B82088E2300006B362 /* MunuStudyTests.xctest */,
				900447C32088E2300006B362 /* MunuStudyUITests.xctest */,
			);
			name = Products;
			sourceTree = "<group>";
		};
		900447A22088E2300006B362 /* MunuStudy */ = {
			isa = PBXGroup;
			children = (
				900447A32088E2300006B362 /* AppDelegate.h */,
				900447A42088E2300006B362 /* AppDelegate.m */,
				900447A62088E2300006B362 /* ViewController.h */,
				900447A72088E2300006B362 /* ViewController.m */,
				900447A92088E2300006B362 /* Main.storyboard */,
				900447AC2088E2300006B362 /* Assets.xcassets */,
				900447AE2088E2300006B362 /* LaunchScreen.storyboard */,
				900447B12088E2300006B362 /* Info.plist */,
				900447B22088E2300006B362 /* main.m */,
			);
			path = MunuStudy;
			sourceTree = "<group>";
		};
		900447BB2088E2300006B362 /* MunuStudyTests */ = {
			isa = PBXGroup;
			children = (
				900447BC2088E2300006B362 /* MunuStudyTests.m */,
				900447BE2088E2300006B362 /* Info.plist */,
			);
			path = MunuStudyTests;
			sourceTree = "<group>";
		};
		900447C62088E2300006B362 /* MunuStudyUITests */ = {
			isa = PBXGroup;
			children = (
				900447C72088E2300006B362 /* MunuStudyUITests.m */,
				900447C92088E2300006B362 /* Info.plist */,
			);
			path = MunuStudyUITests;
			sourceTree = "<group>";
		};
/* End PBXGroup section */

/* Begin PBXNativeTarget section */
		9004479F2088E2300006B362 /* MunuStudy */ = {
			isa = PBXNativeTarget;
			buildConfigurationList = 900447CC2088E2300006B362 /* Build configuration list for PBXNativeTarget "MunuStudy" */;
			buildPhases = (
				9004479C2088E2300006B362 /* Sources */,
				9004479D2088E2300006B362 /* Frameworks */,
				9004479E2088E2300006B362 /* Resources */,
			);
			buildRules = (
			);
			dependencies = (
			);
			name = MunuStudy;
			productName = MunuStudy;
			productReference = 900447A02088E2300006B362 /* MunuStudy.app */;
			productType = "com.apple.product-type.application";
		};
		900447B72088E2300006B362 /* MunuStudyTests */ = {
			isa = PBXNativeTarget;
			buildConfigurationList = 900447CF2088E2300006B362 /* Build configuration list for PBXNativeTarget "MunuStudyTests" */;
			buildPhases = (
				900447B42088E2300006B362 /* Sources */,
				900447B52088E2300006B362 /* Frameworks */,
				900447B62088E2300006B362 /* Resources */,
			);
			buildRules = (
			);
			dependencies = (
				900447BA2088E2300006B362 /* PBXTargetDependency */,
			);
			name = MunuStudyTests;
			productName = MunuStudyTests;
			productReference = 900447B82088E2300006B362 /* MunuStudyTests.xctest */;
			productType = "com.apple.product-type.bundle.unit-test";
		};
		900447C22088E2300006B362 /* MunuStudyUITests */ = {
			isa = PBXNativeTarget;
			buildConfigurationList = 900447D22088E2300006B362 /* Build configuration list for PBXNativeTarget "MunuStudyUITests" */;
			buildPhases = (
				900447BF2088E2300006B362 /* Sources */,
				900447C02088E2300006B362 /* Frameworks */,
				900447C12088E2300006B362 /* Resources */,
			);
			buildRules = (
			);
			dependencies = (
				900447C52088E2300006B362 /* PBXTargetDependency */,
			);
			name = MunuStudyUITests;
			productName = MunuStudyUITests;
			productReference = 900447C32088E2300006B362 /* MunuStudyUITests.xctest */;
			productType = "com.apple.product-type.bundle.ui-testing";
		};
/* End PBXNativeTarget section */

/* Begin PBXProject section */
		900447982088E2300006B362 /* Project object */ = {
			isa = PBXProject;
			attributes = {
				LastUpgradeCheck = 0910;
				ORGANIZATIONNAME = "彦子凡";
				TargetAttributes = {
					9004479F2088E2300006B362 = {
						CreatedOnToolsVersion = 9.1;
						ProvisioningStyle = Automatic;
					};
					900447B72088E2300006B362 = {
						CreatedOnToolsVersion = 9.1;
						ProvisioningStyle = Automatic;
						TestTargetID = 9004479F2088E2300006B362;
					};
					900447C22088E2300006B362 = {
						CreatedOnToolsVersion = 9.1;
						ProvisioningStyle = Automatic;
						TestTargetID = 9004479F2088E2300006B362;
					};
				};
			};
			buildConfigurationList = 9004479B2088E2300006B362 /* Build configuration list for PBXProject "MunuStudy" */;
			compatibilityVersion = "Xcode 8.0";
			developmentRegion = en;
			hasScannedForEncodings = 0;
			knownRegions = (
				en,
				Base,
			);
			mainGroup = 900447972088E2300006B362;
			productRefGroup = 900447A12088E2300006B362 /* Products */;
			projectDirPath = "";
			projectRoot = "";
			targets = (
				9004479F2088E2300006B362 /* MunuStudy */,
				900447B72088E2300006B362 /* MunuStudyTests */,
				900447C22088E2300006B362 /* MunuStudyUITests */,
			);
		};
/* End PBXProject section */

/* Begin PBXResourcesBuildPhase section */
		9004479E2088E2300006B362 /* Resources */ = {
			isa = PBXResourcesBuildPhase;
			buildActionMask = 2147483647;
			files = (
				900447B02088E2300006B362 /* LaunchScreen.storyboard in Resources */,
				900447AD2088E2300006B362 /* Assets.xcassets in Resources */,
				900447AB2088E2300006B362 /* Main.storyboard in Resources */,
			);
			runOnlyForDeploymentPostprocessing = 0;
		};
		900447B62088E2300006B362 /* Resources */ = {
			isa = PBXResourcesBuildPhase;
			buildActionMask = 2147483647;
			files = (
			);
			runOnlyForDeploymentPostprocessing = 0;
		};
		900447C12088E2300006B362 /* Resources */ = {
			isa = PBXResourcesBuildPhase;
			buildActionMask = 2147483647;
			files = (
			);
			runOnlyForDeploymentPostprocessing = 0;
		};
/* End PBXResourcesBuildPhase section */

/* Begin PBXSourcesBuildPhase section */
		9004479C2088E2300006B362 /* Sources */ = {
			isa = PBXSourcesBuildPhase;
			buildActionMask = 2147483647;
			files = (
				900447A82088E2300006B362 /* ViewController.m in Sources */,
				900447B32088E2300006B362 /* main.m in Sources */,
				900447A52088E2300006B362 /* AppDelegate.m in Sources */,
			);
			runOnlyForDeploymentPostprocessing = 0;
		};
		900447B42088E2300006B362 /* Sources */ = {
			isa = PBXSourcesBuildPhase;
			buildActionMask = 2147483647;
			files = (
				900447BD2088E2300006B362 /* MunuStudyTests.m in Sources */,
			);
			runOnlyForDeploymentPostprocessing = 0;
		};
		900447BF2088E2300006B362 /* Sources */ = {
			isa = PBXSourcesBuildPhase;
			buildActionMask = 2147483647;
			files = (
				900447C82088E2300006B362 /* MunuStudyUITests.m in Sources */,
			);
			runOnlyForDeploymentPostprocessing = 0;
		};
/* End PBXSourcesBuildPhase section */

/* Begin PBXTargetDependency section */
		900447BA2088E2300006B362 /* PBXTargetDependency */ = {
			isa = PBXTargetDependency;
			target = 9004479F2088E2300006B362 /* MunuStudy */;
			targetProxy = 900447B92088E2300006B362 /* PBXContainerItemProxy */;
		};
		900447C52088E2300006B362 /* PBXTargetDependency */ = {
			isa = PBXTargetDependency;
			target = 9004479F2088E2300006B362 /* MunuStudy */;
			targetProxy = 900447C42088E2300006B362 /* PBXContainerItemProxy */;
		};
/* End PBXTargetDependency section */

/* Begin PBXVariantGroup section */
		900447A92088E2300006B362 /* Main.storyboard */ = {
			isa = PBXVariantGroup;
			children = (
				900447AA2088E2300006B362 /* Base */,
			);
			name = Main.storyboard;
			sourceTree = "<group>";
		};
		900447AE2088E2300006B362 /* LaunchScreen.storyboard */ = {
			isa = PBXVariantGroup;
			children = (
				900447AF2088E2300006B362 /* Base */,
			);
			name = LaunchScreen.storyboard;
			sourceTree = "<group>";
		};
/* End PBXVariantGroup section */

/* Begin XCBuildConfiguration section */
		900447CA2088E2300006B362 /* Debug */ = {
			isa = XCBuildConfiguration;
			buildSettings = {
				ALWAYS_SEARCH_USER_PATHS = NO;
				CLANG_ANALYZER_NONNULL = YES;
				CLANG_ANALYZER_NUMBER_OBJECT_CONVERSION = YES_AGGRESSIVE;
				CLANG_CXX_LANGUAGE_STANDARD = "gnu++14";
				CLANG_CXX_LIBRARY = "libc++";
				CLANG_ENABLE_MODULES = YES;
				CLANG_ENABLE_OBJC_ARC = YES;
				CLANG_WARN_BLOCK_CAPTURE_AUTORELEASING = YES;
				CLANG_WARN_BOOL_CONVERSION = YES;
				CLANG_WARN_COMMA = YES;
				CLANG_WARN_CONSTANT_CONVERSION = YES;
				CLANG_WARN_DIRECT_OBJC_ISA_USAGE = YES_ERROR;
				CLANG_WARN_DOCUMENTATION_COMMENTS = YES;
				CLANG_WARN_EMPTY_BODY = YES;
				CLANG_WARN_ENUM_CONVERSION = YES;
				CLANG_WARN_INFINITE_RECURSION = YES;
				CLANG_WARN_INT_CONVERSION = YES;
				CLANG_WARN_NON_LITERAL_NULL_CONVERSION = YES;
				CLANG_WARN_OBJC_LITERAL_CONVERSION = YES;
				CLANG_WARN_OBJC_ROOT_CLASS = YES_ERROR;
				CLANG_WARN_RANGE_LOOP_ANALYSIS = YES;
				CLANG_WARN_STRICT_PROTOTYPES = YES;
				CLANG_WARN_SUSPICIOUS_MOVE = YES;
				CLANG_WARN_UNGUARDED_AVAILABILITY = YES_AGGRESSIVE;
				CLANG_WARN_UNREACHABLE_CODE = YES;
				CLANG_WARN__DUPLICATE_METHOD_MATCH = YES;
				CODE_SIGN_IDENTITY = "iPhone Developer";
				COPY_PHASE_STRIP = NO;
				DEBUG_INFORMATION_FORMAT = dwarf;
				ENABLE_STRICT_OBJC_MSGSEND = YES;
				ENABLE_TESTABILITY = YES;
				GCC_C_LANGUAGE_STANDARD = gnu11;
				GCC_DYNAMIC_NO_PIC = NO;
				GCC_NO_COMMON_BLOCKS = YES;
				GCC_OPTIMIZATION_LEVEL = 0;
				GCC_PREPROCESSOR_DEFINITIONS = (
					"DEBUG=1",
					"$(inherited)",
				);
				GCC_WARN_64_TO_32_BIT_CONVERSION = YES;
				GCC_WARN_ABOUT_RETURN_TYPE = YES_ERROR;
				GCC_WARN_UNDECLARED_SELECTOR = YES;
				GCC_WARN_UNINITIALIZED_AUTOS = YES_AGGRESSIVE;
				GCC_WARN_UNUSED_FUNCTION = YES;
				GCC_WARN_UNUSED_VARIABLE = YES;
				IPHONEOS_DEPLOYMENT_TARGET = 11.1;
				MTL_ENABLE_DEBUG_INFO = YES;
				ONLY_ACTIVE_ARCH = YES;
				SDKROOT = iphoneos;
			};
			name = Debug;
		};
		900447CB2088E2300006B362 /* Release */ = {
			isa = XCBuildConfiguration;
			buildSettings = {
				ALWAYS_SEARCH_USER_PATHS = NO;
				CLANG_ANALYZER_NONNULL = YES;
				CLANG_ANALYZER_NUMBER_OBJECT_CONVERSION = YES_AGGRESSIVE;
				CLANG_CXX_LANGUAGE_STANDARD = "gnu++14";
				CLANG_CXX_LIBRARY = "libc++";
				CLANG_ENABLE_MODULES = YES;
				CLANG_ENABLE_OBJC_ARC = YES;
				CLANG_WARN_BLOCK_CAPTURE_AUTORELEASING = YES;
				CLANG_WARN_BOOL_CONVERSION = YES;
				CLANG_WARN_COMMA = YES;
				CLANG_WARN_CONSTANT_CONVERSION = YES;
				CLANG_WARN_DIRECT_OBJC_ISA_USAGE = YES_ERROR;
				CLANG_WARN_DOCUMENTATION_COMMENTS = YES;
				CLANG_WARN_EMPTY_BODY = YES;
				CLANG_WARN_ENUM_CONVERSION = YES;
				CLANG_WARN_INFINITE_RECURSION = YES;
				CLANG_WARN_INT_CONVERSION = YES;
				CLANG_WARN_NON_LITERAL_NULL_CONVERSION = YES;
				CLANG_WARN_OBJC_LITERAL_CONVERSION = YES;
				CLANG_WARN_OBJC_ROOT_CLASS = YES_ERROR;
				CLANG_WARN_RANGE_LOOP_ANALYSIS = YES;
				CLANG_WARN_STRICT_PROTOTYPES = YES;
				CLANG_WARN_SUSPICIOUS_MOVE = YES;
				CLANG_WARN_UNGUARDED_AVAILABILITY = YES_AGGRESSIVE;
				CLANG_WARN_UNREACHABLE_CODE = YES;
				CLANG_WARN__DUPLICATE_METHOD_MATCH = YES;
				CODE_SIGN_IDENTITY = "iPhone Developer";
				COPY_PHASE_STRIP = NO;
				DEBUG_INFORMATION_FORMAT = "dwarf-with-dsym";
				ENABLE_NS_ASSERTIONS = NO;
				ENABLE_STRICT_OBJC_MSGSEND = YES;
				GCC_C_LANGUAGE_STANDARD = gnu11;
				GCC_NO_COMMON_BLOCKS = YES;
				GCC_WARN_64_TO_32_BIT_CONVERSION = YES;
				GCC_WARN_ABOUT_RETURN_TYPE = YES_ERROR;
				GCC_WARN_UNDECLARED_SELECTOR = YES;
				GCC_WARN_UNINITIALIZED_AUTOS = YES_AGGRESSIVE;
				GCC_WARN_UNUSED_FUNCTION = YES;
				GCC_WARN_UNUSED_VARIABLE = YES;
				IPHONEOS_DEPLOYMENT_TARGET = 11.1;
				MTL_ENABLE_DEBUG_INFO = NO;
				SDKROOT = iphoneos;
				VALIDATE_PRODUCT = YES;
			};
			name = Release;
		};
		900447CD2088E2300006B362 /* Debug */ = {
			isa = XCBuildConfiguration;
			buildSettings = {
				ASSETCATALOG_COMPILER_APPICON_NAME = AppIcon;
				CODE_SIGN_STYLE = Automatic;
				DEVELOPMENT_TEAM = 474M74Y585;
				INFOPLIST_FILE = MunuStudy/Info.plist;
				LD_RUNPATH_SEARCH_PATHS = "$(inherited) @executable_path/Frameworks";
				PRODUCT_BUNDLE_IDENTIFIER = com.Crearo.MunuStudy;
				PRODUCT_NAME = "$(TARGET_NAME)";
				TARGETED_DEVICE_FAMILY = "1,2";
			};
			name = Debug;
		};
		900447CE2088E2300006B362 /* Release */ = {
			isa = XCBuildConfiguration;
			buildSettings = {
				ASSETCATALOG_COMPILER_APPICON_NAME = AppIcon;
				CODE_SIGN_STYLE = Automatic;
				DEVELOPMENT_TEAM = 474M74Y585;
				INFOPLIST_FILE = MunuStudy/Info.plist;
				LD_RUNPATH_SEARCH_PATHS = "$(inherited) @executable_path/Frameworks";
				PRODUCT_BUNDLE_IDENTIFIER = com.Crearo.MunuStudy;
				PRODUCT_NAME = "$(TARGET_NAME)";
				TARGETED_DEVICE_FAMILY = "1,2";
			};
			name = Release;
		};
		900447D02088E2300006B362 /* Debug */ = {
			isa = XCBuildConfiguration;
			buildSettings = {
				BUNDLE_LOADER = "$(TEST_HOST)";
				CODE_SIGN_STYLE = Automatic;
				DEVELOPMENT_TEAM = 474M74Y585;
				INFOPLIST_FILE = MunuStudyTests/Info.plist;
				LD_RUNPATH_SEARCH_PATHS = "$(inherited) @executable_path/Frameworks @loader_path/Frameworks";
				PRODUCT_BUNDLE_IDENTIFIER = com.Crearo.MunuStudyTests;
				PRODUCT_NAME = "$(TARGET_NAME)";
				TARGETED_DEVICE_FAMILY = "1,2";
				TEST_HOST = "$(BUILT_PRODUCTS_DIR)/MunuStudy.app/MunuStudy";
			};
			name = Debug;
		};
		900447D12088E2300006B362 /* Release */ = {
			isa = XCBuildConfiguration;
			buildSettings = {
				BUNDLE_LOADER = "$(TEST_HOST)";
				CODE_SIGN_STYLE = Automatic;
				DEVELOPMENT_TEAM = 474M74Y585;
				INFOPLIST_FILE = MunuStudyTests/Info.plist;
				LD_RUNPATH_SEARCH_PATHS = "$(inherited) @executable_path/Frameworks @loader_path/Frameworks";
				PRODUCT_BUNDLE_IDENTIFIER = com.Crearo.MunuStudyTests;
				PRODUCT_NAME = "$(TARGET_NAME)";
				TARGETED_DEVICE_FAMILY = "1,2";
				TEST_HOST = "$(BUILT_PRODUCTS_DIR)/MunuStudy.app/MunuStudy";
			};
			name = Release;
		};
		900447D32088E2300006B362 /* Debug */ = {
			isa = XCBuildConfiguration;
			buildSettings = {
				CODE_SIGN_STYLE = Automatic;
				DEVELOPMENT_TEAM = 474M74Y585;
				INFOPLIST_FILE = MunuStudyUITests/Info.plist;
				LD_RUNPATH_SEARCH_PATHS = "$(inherited) @executable_path/Frameworks @loader_path/Frameworks";
				PRODUCT_BUNDLE_IDENTIFIER = com.Crearo.MunuStudyUITests;
				PRODUCT_NAME = "$(TARGET_NAME)";
				TARGETED_DEVICE_FAMILY = "1,2";
				TEST_TARGET_NAME = MunuStudy;
			};
			name = Debug;
		};
		900447D42088E2300006B362 /* Release */ = {
			isa = XCBuildConfiguration;
			buildSettings = {
				CODE_SIGN_STYLE = Automatic;
				DEVELOPMENT_TEAM = 474M74Y585;
				INFOPLIST_FILE = MunuStudyUITests/Info.plist;
				LD_RUNPATH_SEARCH_PATHS = "$(inherited) @executable_path/Frameworks @loader_path/Frameworks";
				PRODUCT_BUNDLE_IDENTIFIER = com.Crearo.MunuStudyUITests;
				PRODUCT_NAME = "$(TARGET_NAME)";
				TARGETED_DEVICE_FAMILY = "1,2";
				TEST_TARGET_NAME = MunuStudy;
			};
			name = Release;
		};
/* End XCBuildConfiguration section */

/* Begin XCConfigurationList section */
		9004479B2088E2300006B362 /* Build configuration list for PBXProject "MunuStudy" */ = {
			isa = XCConfigurationList;
			buildConfigurations = (
				900447CA2088E2300006B362 /* Debug */,
				900447CB2088E2300006B362 /* Release */,
			);
			defaultConfigurationIsVisible = 0;
			defaultConfigurationName = Release;
		};
		900447CC2088E2300006B362 /* Build configuration list for PBXNativeTarget "MunuStudy" */ = {
			isa = XCConfigurationList;
			buildConfigurations = (
				900447CD2088E2300006B362 /* Debug */,
				900447CE2088E2300006B362 /* Release */,
			);
			defaultConfigurationIsVisible = 0;
			defaultConfigurationName = Release;
		};
		900447CF2088E2300006B362 /* Build configuration list for PBXNativeTarget "MunuStudyTests" */ = {
			isa = XCConfigurationList;
			buildConfigurations = (
				900447D02088E2300006B362 /* Debug */,
				900447D12088E2300006B362 /* Release */,
			);
			defaultConfigurationIsVisible = 0;
			defaultConfigurationName = Release;
		};
		900447D22088E2300006B362 /* Build configuration list for PBXNativeTarget "MunuStudyUITests" */ = {
			isa = XCConfigurationList;
			buildConfigurations = (
				900447D32088E2300006B362 /* Debug */,
				900447D42088E2300006B362 /* Release */,
			);
			defaultConfigurationIsVisible = 0;
			defaultConfigurationName = Release;
		};
/* End XCConfigurationList section */
	};
	rootObject = 900447982088E2300006B362 /* Project object */;
}
